
Microsoft Visual Studio Solution File, Format Version 12.00
# Visual Studio Version 16
VisualStudioVersion = 16.0.31105.61
MinimumVisualStudioVersion = 10.0.40219.1
Project("{FAE04EC0-301F-11D3-BF4B-00C04F79EFBC}") = "DevsAndDonuts", "DevsAndDonuts\DevsAndDonuts.csproj", "{2F889BD6-37FD-4FFD-9EDA-9462FE2CD75C}"
EndProject
Global
	GlobalSection(SolutionConfigurationPlatforms) = preSolution
		Debug|Any CPU = Debug|Any CPU
		Release|Any CPU = Release|Any CPU
	EndGlobalSection
	GlobalSection(ProjectConfigurationPlatforms) = postSolution
		{2F889BD6-37FD-4FFD-9EDA-9462FE2CD75C}.Debug|Any CPU.ActiveCfg = Debug|Any CPU
		{2F889BD6-37FD-4FFD-9EDA-9462FE2CD75C}.Debug|Any CPU.Build.0 = Debug|Any CPU
		{2F889BD6-37FD-4FFD-9EDA-9462FE2CD75C}.Release|Any CPU.ActiveCfg = Release|Any CPU
		{2F889BD6-37FD-4FFD-9EDA-9462FE2CD75C}.Release|Any CPU.Build.0 = Release|Any CPU
	EndGlobalSection
	GlobalSection(SolutionProperties) = preSolution
		HideSolutionNode = FALSE
	EndGlobalSection
	GlobalSection(ExtensibilityGlobals) = postSolution
		SolutionGuid = {7771169C-008D-4020-9859-AAE62CA55C5A}
	EndGlobalSection
EndGlobal
